// !$*UTF8*$!
{
	archiveVersion = 1;
	classes = {
	};
	objectVersion = 56;
	objects = {

/* Begin PBXBuildFile section */
		43B1F6F32A01D0AB00355AA8 /* ReposApp.swift in Sources */ = {isa = PBXBuildFile; fileRef = 43B1F6F22A01D0AB00355AA8 /* ReposApp.swift */; };
		43B1F6F52A01D0AB00355AA8 /* ContentView.swift in Sources */ = {isa = PBXBuildFile; fileRef = 43B1F6F42A01D0AB00355AA8 /* ContentView.swift */; };
		43B1F6F72A01D0AC00355AA8 /* Assets.xcassets in Resources */ = {isa = PBXBuildFile; fileRef = 43B1F6F62A01D0AC00355AA8 /* Assets.xcassets */; };
		43B1F6FA2A01D0AC00355AA8 /* Preview Assets.xcassets in Resources */ = {isa = PBXBuildFile; fileRef = 43B1F6F92A01D0AC00355AA8 /* Preview Assets.xcassets */; };
		43B1F7042A01D0AC00355AA8 /* ReposTests.swift in Sources */ = {isa = PBXBuildFile; fileRef = 43B1F7032A01D0AC00355AA8 /* ReposTests.swift */; };
		43B1F70E2A01D0AC00355AA8 /* ReposUITests.swift in Sources */ = {isa = PBXBuildFile; fileRef = 43B1F70D2A01D0AC00355AA8 /* ReposUITests.swift */; };
		43B1F7102A01D0AC00355AA8 /* ReposUITestsLaunchTests.swift in Sources */ = {isa = PBXBuildFile; fileRef = 43B1F70F2A01D0AC00355AA8 /* ReposUITestsLaunchTests.swift */; };
/* End PBXBuildFile section */

/* Begin PBXContainerItemProxy section */
		43B1F7002A01D0AC00355AA8 /* PBXContainerItemProxy */ = {
			isa = PBXContainerItemProxy;
			containerPortal = 43B1F6E72A01D0AB00355AA8 /* Project object */;
			proxyType = 1;
			remoteGlobalIDString = 43B1F6EE2A01D0AB00355AA8;
			remoteInfo = Repos;
		};
		43B1F70A2A01D0AC00355AA8 /* PBXContainerItemProxy */ = {
			isa = PBXContainerItemProxy;
			containerPortal = 43B1F6E72A01D0AB00355AA8 /* Project object */;
			proxyType = 1;
			remoteGlobalIDString = 43B1F6EE2A01D0AB00355AA8;
			remoteInfo = Repos;
		};
/* End PBXContainerItemProxy section */

/* Begin PBXFileReference section */
		43B1F6EF2A01D0AB00355AA8 /* Repos.app */ = {isa = PBXFileReference; explicitFileType = wrapper.application; includeInIndex = 0; path = Repos.app; sourceTree = BUILT_PRODUCTS_DIR; };
		43B1F6F22A01D0AB00355AA8 /* ReposApp.swift */ = {isa = PBXFileReference; lastKnownFileType = sourcecode.swift; path = ReposApp.swift; sourceTree = "<group>"; };
		43B1F6F42A01D0AB00355AA8 /* ContentView.swift */ = {isa = PBXFileReference; lastKnownFileType = sourcecode.swift; path = ContentView.swift; sourceTree = "<group>"; };
		43B1F6F62A01D0AC00355AA8 /* Assets.xcassets */ = {isa = PBXFileReference; lastKnownFileType = folder.assetcatalog; path = Assets.xcassets; sourceTree = "<group>"; };
		43B1F6F92A01D0AC00355AA8 /* Preview Assets.xcassets */ = {isa = PBXFileReference; lastKnownFileType = folder.assetcatalog; path = "Preview Assets.xcassets"; sourceTree = "<group>"; };
		43B1F6FF2A01D0AC00355AA8 /* ReposTests.xctest */ = {isa = PBXFileReference; explicitFileType = wrapper.cfbundle; includeInIndex = 0; path = ReposTests.xctest; sourceTree = BUILT_PRODUCTS_DIR; };
		43B1F7032A01D0AC00355AA8 /* ReposTests.swift */ = {isa = PBXFileReference; lastKnownFileType = sourcecode.swift; path = ReposTests.swift; sourceTree = "<group>"; };
		43B1F7092A01D0AC00355AA8 /* ReposUITests.xctest */ = {isa = PBXFileReference; explicitFileType = wrapper.cfbundle; includeInIndex = 0; path = ReposUITests.xctest; sourceTree = BUILT_PRODUCTS_DIR; };
		43B1F70D2A01D0AC00355AA8 /* ReposUITests.swift */ = {isa = PBXFileReference; lastKnownFileType = sourcecode.swift; path = ReposUITests.swift; sourceTree = "<group>"; };
		43B1F70F2A01D0AC00355AA8 /* ReposUITestsLaunchTests.swift */ = {isa = PBXFileReference; lastKnownFileType = sourcecode.swift; path = ReposUITestsLaunchTests.swift; sourceTree = "<group>"; };
/* End PBXFileReference section */

/* Begin PBXFrameworksBuildPhase section */
		43B1F6EC2A01D0AB00355AA8 /* Frameworks */ = {
			isa = PBXFrameworksBuildPhase;
			buildActionMask = 2147483647;
			files = (
			);
			runOnlyForDeploymentPostprocessing = 0;
		};
		43B1F6FC2A01D0AC00355AA8 /* Frameworks */ = {
			isa = PBXFrameworksBuildPhase;
			buildActionMask = 2147483647;
			files = (
			);
			runOnlyForDeploymentPostprocessing = 0;
		};
		43B1F7062A01D0AC00355AA8 /* Frameworks */ = {
			isa = PBXFrameworksBuildPhase;
			buildActionMask = 2147483647;
			files = (
			);
			runOnlyForDeploymentPostprocessing = 0;
		};
/* End PBXFrameworksBuildPhase section */

/* Begin PBXGroup section */
		43B1F6E62A01D0AB00355AA8 = {
			isa = PBXGroup;
			children = (
				43B1F6F12A01D0AB00355AA8 /* Repos */,
				43B1F7022A01D0AC00355AA8 /* ReposTests */,
				43B1F70C2A01D0AC00355AA8 /* ReposUITests */,
				43B1F6F02A01D0AB00355AA8 /* Products */,
			);
			sourceTree = "<group>";
		};
		43B1F6F02A01D0AB00355AA8 /* Products */ = {
			isa = PBXGroup;
			children = (
				43B1F6EF2A01D0AB00355AA8 /* Repos.app */,
				43B1F6FF2A01D0AC00355AA8 /* ReposTests.xctest */,
				43B1F7092A01D0AC00355AA8 /* ReposUITests.xctest */,
			);
			name = Products;
			sourceTree = "<group>";
		};
		43B1F6F12A01D0AB00355AA8 /* Repos */ = {
			isa = PBXGroup;
			children = (
				43B1F6F22A01D0AB00355AA8 /* ReposApp.swift */,
				43B1F6F42A01D0AB00355AA8 /* ContentView.swift */,
				43B1F6F62A01D0AC00355AA8 /* Assets.xcassets */,
				43B1F6F82A01D0AC00355AA8 /* Preview Content */,
			);
			path = Repos;
			sourceTree = "<group>";
		};
		43B1F6F82A01D0AC00355AA8 /* Preview Content */ = {
			isa = PBXGroup;
			children = (
				43B1F6F92A01D0AC00355AA8 /* Preview Assets.xcassets */,
			);
			path = "Preview Content";
			sourceTree = "<group>";
		};
		43B1F7022A01D0AC00355AA8 /* ReposTests */ = {
			isa = PBXGroup;
			children = (
				43B1F7032A01D0AC00355AA8 /* ReposTests.swift */,
			);
			path = ReposTests;
			sourceTree = "<group>";
		};
		43B1F70C2A01D0AC00355AA8 /* ReposUITests */ = {
			isa = PBXGroup;
			children = (
				43B1F70D2A01D0AC00355AA8 /* ReposUITests.swift */,
				43B1F70F2A01D0AC00355AA8 /* ReposUITestsLaunchTests.swift */,
			);
			path = ReposUITests;
			sourceTree = "<group>";
		};
/* End PBXGroup section */

/* Begin PBXNativeTarget section */
		43B1F6EE2A01D0AB00355AA8 /* Repos */ = {
			isa = PBXNativeTarget;
			buildConfigurationList = 43B1F7132A01D0AC00355AA8 /* Build configuration list for PBXNativeTarget "Repos" */;
			buildPhases = (
				43B1F6EB2A01D0AB00355AA8 /* Sources */,
				43B1F6EC2A01D0AB00355AA8 /* Frameworks */,
				43B1F6ED2A01D0AB00355AA8 /* Resources */,
			);
			buildRules = (
			);
			dependencies = (
			);
			name = Repos;
			productName = Repos;
			productReference = 43B1F6EF2A01D0AB00355AA8 /* Repos.app */;
			productType = "com.apple.product-type.application";
		};
		43B1F6FE2A01D0AC00355AA8 /* ReposTests */ = {
			isa = PBXNativeTarget;
			buildConfigurationList = 43B1F7162A01D0AC00355AA8 /* Build configuration list for PBXNativeTarget "ReposTests" */;
			buildPhases = (
				43B1F6FB2A01D0AC00355AA8 /* Sources */,
				43B1F6FC2A01D0AC00355AA8 /* Frameworks */,
				43B1F6FD2A01D0AC00355AA8 /* Resources */,
			);
			buildRules = (
			);
			dependencies = (
				43B1F7012A01D0AC00355AA8 /* PBXTargetDependency */,
			);
			name = ReposTests;
			productName = ReposTests;
			productReference = 43B1F6FF2A01D0AC00355AA8 /* ReposTests.xctest */;
			productType = "com.apple.product-type.bundle.unit-test";
		};
		43B1F7082A01D0AC00355AA8 /* ReposUITests */ = {
			isa = PBXNativeTarget;
			buildConfigurationList = 43B1F7192A01D0AC00355AA8 /* Build configuration list for PBXNativeTarget "ReposUITests" */;
			buildPhases = (
				43B1F7052A01D0AC00355AA8 /* Sources */,
				43B1F7062A01D0AC00355AA8 /* Frameworks */,
				43B1F7072A01D0AC00355AA8 /* Resources */,
			);
			buildRules = (
			);
			dependencies = (
				43B1F70B2A01D0AC00355AA8 /* PBXTargetDependency */,
			);
			name = ReposUITests;
			productName = ReposUITests;
			productReference = 43B1F7092A01D0AC00355AA8 /* ReposUITests.xctest */;
			productType = "com.apple.product-type.bundle.ui-testing";
		};
/* End PBXNativeTarget section */

/* Begin PBXProject section */
		43B1F6E72A01D0AB00355AA8 /* Project object */ = {
			isa = PBXProject;
			attributes = {
				BuildIndependentTargetsInParallel = 1;
				LastSwiftUpdateCheck = 1430;
				LastUpgradeCheck = 1430;
				TargetAttributes = {
					43B1F6EE2A01D0AB00355AA8 = {
						CreatedOnToolsVersion = 14.3;
					};
					43B1F6FE2A01D0AC00355AA8 = {
						CreatedOnToolsVersion = 14.3;
						TestTargetID = 43B1F6EE2A01D0AB00355AA8;
					};
					43B1F7082A01D0AC00355AA8 = {
						CreatedOnToolsVersion = 14.3;
						TestTargetID = 43B1F6EE2A01D0AB00355AA8;
					};
				};
			};
			buildConfigurationList = 43B1F6EA2A01D0AB00355AA8 /* Build configuration list for PBXProject "Repos" */;
			compatibilityVersion = "Xcode 14.0";
			developmentRegion = en;
			hasScannedForEncodings = 0;
			knownRegions = (
				en,
				Base,
			);
			mainGroup = 43B1F6E62A01D0AB00355AA8;
			productRefGroup = 43B1F6F02A01D0AB00355AA8 /* Products */;
			projectDirPath = "";
			projectRoot = "";
			targets = (
				43B1F6EE2A01D0AB00355AA8 /* Repos */,
				43B1F6FE2A01D0AC00355AA8 /* ReposTests */,
				43B1F7082A01D0AC00355AA8 /* ReposUITests */,
			);
		};
/* End PBXProject section */

/* Begin PBXResourcesBuildPhase section */
		43B1F6ED2A01D0AB00355AA8 /* Resources */ = {
			isa = PBXResourcesBuildPhase;
			buildActionMask = 2147483647;
			files = (
				43B1F6FA2A01D0AC00355AA8 /* Preview Assets.xcassets in Resources */,
				43B1F6F72A01D0AC00355AA8 /* Assets.xcassets in Resources */,
			);
			runOnlyForDeploymentPostprocessing = 0;
		};
		43B1F6FD2A01D0AC00355AA8 /* Resources */ = {
			isa = PBXResourcesBuildPhase;
			buildActionMask = 2147483647;
			files = (
			);
			runOnlyForDeploymentPostprocessing = 0;
		};
		43B1F7072A01D0AC00355AA8 /* Resources */ = {
			isa = PBXResourcesBuildPhase;
			buildActionMask = 2147483647;
			files = (
			);
			runOnlyForDeploymentPostprocessing = 0;
		};
/* End PBXResourcesBuildPhase section */

/* Begin PBXSourcesBuildPhase section */
		43B1F6EB2A01D0AB00355AA8 /* Sources */ = {
			isa = PBXSourcesBuildPhase;
			buildActionMask = 2147483647;
			files = (
				43B1F6F52A01D0AB00355AA8 /* ContentView.swift in Sources */,
				43B1F6F32A01D0AB00355AA8 /* ReposApp.swift in Sources */,
			);
			runOnlyForDeploymentPostprocessing = 0;
		};
		43B1F6FB2A01D0AC00355AA8 /* Sources */ = {
			isa = PBXSourcesBuildPhase;
			buildActionMask = 2147483647;
			files = (
				43B1F7042A01D0AC00355AA8 /* ReposTests.swift in Sources */,
			);
			runOnlyForDeploymentPostprocessing = 0;
		};
		43B1F7052A01D0AC00355AA8 /* Sources */ = {
			isa = PBXSourcesBuildPhase;
			buildActionMask = 2147483647;
			files = (
				43B1F7102A01D0AC00355AA8 /* ReposUITestsLaunchTests.swift in Sources */,
				43B1F70E2A01D0AC00355AA8 /* ReposUITests.swift in Sources */,
			);
			runOnlyForDeploymentPostprocessing = 0;
		};
/* End PBXSourcesBuildPhase section */

/* Begin PBXTargetDependency section */
		43B1F7012A01D0AC00355AA8 /* PBXTargetDependency */ = {
			isa = PBXTargetDependency;
			target = 43B1F6EE2A01D0AB00355AA8 /* Repos */;
			targetProxy = 43B1F7002A01D0AC00355AA8 /* PBXContainerItemProxy */;
		};
		43B1F70B2A01D0AC00355AA8 /* PBXTargetDependency */ = {
			isa = PBXTargetDependency;
			target = 43B1F6EE2A01D0AB00355AA8 /* Repos */;
			targetProxy = 43B1F70A2A01D0AC00355AA8 /* PBXContainerItemProxy */;
		};
/* End PBXTargetDependency section */

/* Begin XCBuildConfiguration section */
		43B1F7112A01D0AC00355AA8 /* Debug */ = {
			isa = XCBuildConfiguration;
			buildSettings = {
				ALWAYS_SEARCH_USER_PATHS = NO;
				CLANG_ANALYZER_NONNULL = YES;
				CLANG_ANALYZER_NUMBER_OBJECT_CONVERSION = YES_AGGRESSIVE;
				CLANG_CXX_LANGUAGE_STANDARD = "gnu++20";
				CLANG_ENABLE_MODULES = YES;
				CLANG_ENABLE_OBJC_ARC = YES;
				CLANG_ENABLE_OBJC_WEAK = YES;
				CLANG_WARN_BLOCK_CAPTURE_AUTORELEASING = YES;
				CLANG_WARN_BOOL_CONVERSION = YES;
				CLANG_WARN_COMMA = YES;
				CLANG_WARN_CONSTANT_CONVERSION = YES;
				CLANG_WARN_DEPRECATED_OBJC_IMPLEMENTATIONS = YES;
				CLANG_WARN_DIRECT_OBJC_ISA_USAGE = YES_ERROR;
				CLANG_WARN_DOCUMENTATION_COMMENTS = YES;
				CLANG_WARN_EMPTY_BODY = YES;
				CLANG_WARN_ENUM_CONVERSION = YES;
				CLANG_WARN_INFINITE_RECURSION = YES;
				CLANG_WARN_INT_CONVERSION = YES;
				CLANG_WARN_NON_LITERAL_NULL_CONVERSION = YES;
				CLANG_WARN_OBJC_IMPLICIT_RETAIN_SELF = YES;
				CLANG_WARN_OBJC_LITERAL_CONVERSION = YES;
				CLANG_WARN_OBJC_ROOT_CLASS = YES_ERROR;
				CLANG_WARN_QUOTED_INCLUDE_IN_FRAMEWORK_HEADER = YES;
				CLANG_WARN_RANGE_LOOP_ANALYSIS = YES;
				CLANG_WARN_STRICT_PROTOTYPES = YES;
				CLANG_WARN_SUSPICIOUS_MOVE = YES;
				CLANG_WARN_UNGUARDED_AVAILABILITY = YES_AGGRESSIVE;
				CLANG_WARN_UNREACHABLE_CODE = YES;
				CLANG_WARN__DUPLICATE_METHOD_MATCH = YES;
				COPY_PHASE_STRIP = NO;
				DEBUG_INFORMATION_FORMAT = dwarf;
				ENABLE_STRICT_OBJC_MSGSEND = YES;
				ENABLE_TESTABILITY = YES;
				GCC_C_LANGUAGE_STANDARD = gnu11;
				GCC_DYNAMIC_NO_PIC = NO;
				GCC_NO_COMMON_BLOCKS = YES;
				GCC_OPTIMIZATION_LEVEL = 0;
				GCC_PREPROCESSOR_DEFINITIONS = (
					"DEBUG=1",
					"$(inherited)",
				);
				GCC_WARN_64_TO_32_BIT_CONVERSION = YES;
				GCC_WARN_ABOUT_RETURN_TYPE = YES_ERROR;
				GCC_WARN_UNDECLARED_SELECTOR = YES;
				GCC_WARN_UNINITIALIZED_AUTOS = YES_AGGRESSIVE;
				GCC_WARN_UNUSED_FUNCTION = YES;
				GCC_WARN_UNUSED_VARIABLE = YES;
				IPHONEOS_DEPLOYMENT_TARGET = 16.4;
				MTL_ENABLE_DEBUG_INFO = INCLUDE_SOURCE;
				MTL_FAST_MATH = YES;
				ONLY_ACTIVE_ARCH = YES;
				SDKROOT = iphoneos;
				SWIFT_ACTIVE_COMPILATION_CONDITIONS = DEBUG;
				SWIFT_OPTIMIZATION_LEVEL = "-Onone";
			};
			name = Debug;
		};
		43B1F7122A01D0AC00355AA8 /* Release */ = {
			isa = XCBuildConfiguration;
			buildSettings = {
				ALWAYS_SEARCH_USER_PATHS = NO;
				CLANG_ANALYZER_NONNULL = YES;
				CLANG_ANALYZER_NUMBER_OBJECT_CONVERSION = YES_AGGRESSIVE;
				CLANG_CXX_LANGUAGE_STANDARD = "gnu++20";
				CLANG_ENABLE_MODULES = YES;
				CLANG_ENABLE_OBJC_ARC = YES;
				CLANG_ENABLE_OBJC_WEAK = YES;
				CLANG_WARN_BLOCK_CAPTURE_AUTORELEASING = YES;
				CLANG_WARN_BOOL_CONVERSION = YES;
				CLANG_WARN_COMMA = YES;
				CLANG_WARN_CONSTANT_CONVERSION = YES;
				CLANG_WARN_DEPRECATED_OBJC_IMPLEMENTATIONS = YES;
				CLANG_WARN_DIRECT_OBJC_ISA_USAGE = YES_ERROR;
				CLANG_WARN_DOCUMENTATION_COMMENTS = YES;
				CLANG_WARN_EMPTY_BODY = YES;
				CLANG_WARN_ENUM_CONVERSION = YES;
				CLANG_WARN_INFINITE_RECURSION = YES;
				CLANG_WARN_INT_CONVERSION = YES;
				CLANG_WARN_NON_LITERAL_NULL_CONVERSION = YES;
				CLANG_WARN_OBJC_IMPLICIT_RETAIN_SELF = YES;
				CLANG_WARN_OBJC_LITERAL_CONVERSION = YES;
				CLANG_WARN_OBJC_ROOT_CLASS = YES_ERROR;
				CLANG_WARN_QUOTED_INCLUDE_IN_FRAMEWORK_HEADER = YES;
				CLANG_WARN_RANGE_LOOP_ANALYSIS = YES;
				CLANG_WARN_STRICT_PROTOTYPES = YES;
				CLANG_WARN_SUSPICIOUS_MOVE = YES;
				CLANG_WARN_UNGUARDED_AVAILABILITY = YES_AGGRESSIVE;
				CLANG_WARN_UNREACHABLE_CODE = YES;
				CLANG_WARN__DUPLICATE_METHOD_MATCH = YES;
				COPY_PHASE_STRIP = NO;
				DEBUG_INFORMATION_FORMAT = "dwarf-with-dsym";
				ENABLE_NS_ASSERTIONS = NO;
				ENABLE_STRICT_OBJC_MSGSEND = YES;
				GCC_C_LANGUAGE_STANDARD = gnu11;
				GCC_NO_COMMON_BLOCKS = YES;
				GCC_WARN_64_TO_32_BIT_CONVERSION = YES;
				GCC_WARN_ABOUT_RETURN_TYPE = YES_ERROR;
				GCC_WARN_UNDECLARED_SELECTOR = YES;
				GCC_WARN_UNINITIALIZED_AUTOS = YES_AGGRESSIVE;
				GCC_WARN_UNUSED_FUNCTION = YES;
				GCC_WARN_UNUSED_VARIABLE = YES;
				IPHONEOS_DEPLOYMENT_TARGET = 16.4;
				MTL_ENABLE_DEBUG_INFO = NO;
				MTL_FAST_MATH = YES;
				SDKROOT = iphoneos;
				SWIFT_COMPILATION_MODE = wholemodule;
				SWIFT_OPTIMIZATION_LEVEL = "-O";
				VALIDATE_PRODUCT = YES;
			};
			name = Release;
		};
		43B1F7142A01D0AC00355AA8 /* Debug */ = {
			isa = XCBuildConfiguration;
			buildSettings = {
				ASSETCATALOG_COMPILER_APPICON_NAME = AppIcon;
				ASSETCATALOG_COMPILER_GLOBAL_ACCENT_COLOR_NAME = AccentColor;
				CODE_SIGN_STYLE = Automatic;
				CURRENT_PROJECT_VERSION = 1;
				DEVELOPMENT_ASSET_PATHS = "\"Repos/Preview Content\"";
				DEVELOPMENT_TEAM = 2L9L899V66;
				ENABLE_PREVIEWS = YES;
				GENERATE_INFOPLIST_FILE = YES;
				INFOPLIST_KEY_UIApplicationSceneManifest_Generation = YES;
				INFOPLIST_KEY_UIApplicationSupportsIndirectInputEvents = YES;
				INFOPLIST_KEY_UILaunchScreen_Generation = YES;
				INFOPLIST_KEY_UISupportedInterfaceOrientations_iPad = "UIInterfaceOrientationPortrait UIInterfaceOrientationPortraitUpsideDown UIInterfaceOrientationLandscapeLeft UIInterfaceOrientationLandscapeRight";
				INFOPLIST_KEY_UISupportedInterfaceOrientations_iPhone = "UIInterfaceOrientationPortrait UIInterfaceOrientationLandscapeLeft UIInterfaceOrientationLandscapeRight";
				IPHONEOS_DEPLOYMENT_TARGET = 14.0;
				LD_RUNPATH_SEARCH_PATHS = (
					"$(inherited)",
					"@executable_path/Frameworks",
				);
				MARKETING_VERSION = 1.0;
				PRODUCT_BUNDLE_IDENTIFIER = com.memtarhan.Repos;
				PRODUCT_NAME = "$(TARGET_NAME)";
				SWIFT_EMIT_LOC_STRINGS = YES;
				SWIFT_VERSION = 5.0;
				TARGETED_DEVICE_FAMILY = "1,2";
			};
			name = Debug;
		};
		43B1F7152A01D0AC00355AA8 /* Release */ = {
			isa = XCBuildConfiguration;
			buildSettings = {
				ASSETCATALOG_COMPILER_APPICON_NAME = AppIcon;
				ASSETCATALOG_COMPILER_GLOBAL_ACCENT_COLOR_NAME = AccentColor;
				CODE_SIGN_STYLE = Automatic;
				CURRENT_PROJECT_VERSION = 1;
				DEVELOPMENT_ASSET_PATHS = "\"Repos/Preview Content\"";
				DEVELOPMENT_TEAM = 2L9L899V66;
				ENABLE_PREVIEWS = YES;
				GENERATE_INFOPLIST_FILE = YES;
				INFOPLIST_KEY_UIApplicationSceneManifest_Generation = YES;
				INFOPLIST_KEY_UIApplicationSupportsIndirectInputEvents = YES;
				INFOPLIST_KEY_UILaunchScreen_Generation = YES;
				INFOPLIST_KEY_UISupportedInterfaceOrientations_iPad = "UIInterfaceOrientationPortrait UIInterfaceOrientationPortraitUpsideDown UIInterfaceOrientationLandscapeLeft UIInterfaceOrientationLandscapeRight";
				INFOPLIST_KEY_UISupportedInterfaceOrientations_iPhone = "UIInterfaceOrientationPortrait UIInterfaceOrientationLandscapeLeft UIInterfaceOrientationLandscapeRight";
				IPHONEOS_DEPLOYMENT_TARGET = 14.0;
				LD_RUNPATH_SEARCH_PATHS = (
					"$(inherited)",
					"@executable_path/Frameworks",
				);
				MARKETING_VERSION = 1.0;
				PRODUCT_BUNDLE_IDENTIFIER = com.memtarhan.Repos;
				PRODUCT_NAME = "$(TARGET_NAME)";
				SWIFT_EMIT_LOC_STRINGS = YES;
				SWIFT_VERSION = 5.0;
				TARGETED_DEVICE_FAMILY = "1,2";
			};
			name = Release;
		};
		43B1F7172A01D0AC00355AA8 /* Debug */ = {
			isa = XCBuildConfiguration;
			buildSettings = {
				ALWAYS_EMBED_SWIFT_STANDARD_LIBRARIES = YES;
				BUNDLE_LOADER = "$(TEST_HOST)";
				CODE_SIGN_STYLE = Automatic;
				CURRENT_PROJECT_VERSION = 1;
				DEVELOPMENT_TEAM = 2L9L899V66;
				GENERATE_INFOPLIST_FILE = YES;
				IPHONEOS_DEPLOYMENT_TARGET = 16.4;
				MARKETING_VERSION = 1.0;
				PRODUCT_BUNDLE_IDENTIFIER = com.memtarhan.ReposTests;
				PRODUCT_NAME = "$(TARGET_NAME)";
				SWIFT_EMIT_LOC_STRINGS = NO;
				SWIFT_VERSION = 5.0;
				TARGETED_DEVICE_FAMILY = "1,2";
				TEST_HOST = "$(BUILT_PRODUCTS_DIR)/Repos.app/$(BUNDLE_EXECUTABLE_FOLDER_PATH)/Repos";
			};
			name = Debug;
		};
		43B1F7182A01D0AC00355AA8 /* Release */ = {
			isa = XCBuildConfiguration;
			buildSettings = {
				ALWAYS_EMBED_SWIFT_STANDARD_LIBRARIES = YES;
				BUNDLE_LOADER = "$(TEST_HOST)";
				CODE_SIGN_STYLE = Automatic;
				CURRENT_PROJECT_VERSION = 1;
				DEVELOPMENT_TEAM = 2L9L899V66;
				GENERATE_INFOPLIST_FILE = YES;
				IPHONEOS_DEPLOYMENT_TARGET = 16.4;
				MARKETING_VERSION = 1.0;
				PRODUCT_BUNDLE_IDENTIFIER = com.memtarhan.ReposTests;
				PRODUCT_NAME = "$(TARGET_NAME)";
				SWIFT_EMIT_LOC_STRINGS = NO;
				SWIFT_VERSION = 5.0;
				TARGETED_DEVICE_FAMILY = "1,2";
				TEST_HOST = "$(BUILT_PRODUCTS_DIR)/Repos.app/$(BUNDLE_EXECUTABLE_FOLDER_PATH)/Repos";
			};
			name = Release;
		};
		43B1F71A2A01D0AC00355AA8 /* Debug */ = {
			isa = XCBuildConfiguration;
			buildSettings = {
				ALWAYS_EMBED_SWIFT_STANDARD_LIBRARIES = YES;
				CODE_SIGN_STYLE = Automatic;
				CURRENT_PROJECT_VERSION = 1;
				DEVELOPMENT_TEAM = 2L9L899V66;
				GENERATE_INFOPLIST_FILE = YES;
				MARKETING_VERSION = 1.0;
				PRODUCT_BUNDLE_IDENTIFIER = com.memtarhan.ReposUITests;
				PRODUCT_NAME = "$(TARGET_NAME)";
				SWIFT_EMIT_LOC_STRINGS = NO;
				SWIFT_VERSION = 5.0;
				TARGETED_DEVICE_FAMILY = "1,2";
				TEST_TARGET_NAME = Repos;
			};
			name = Debug;
		};
		43B1F71B2A01D0AC00355AA8 /* Release */ = {
			isa = XCBuildConfiguration;
			buildSettings = {
				ALWAYS_EMBED_SWIFT_STANDARD_LIBRARIES = YES;
				CODE_SIGN_STYLE = Automatic;
				CURRENT_PROJECT_VERSION = 1;
				DEVELOPMENT_TEAM = 2L9L899V66;
				GENERATE_INFOPLIST_FILE = YES;
				MARKETING_VERSION = 1.0;
				PRODUCT_BUNDLE_IDENTIFIER = com.memtarhan.ReposUITests;
				PRODUCT_NAME = "$(TARGET_NAME)";
				SWIFT_EMIT_LOC_STRINGS = NO;
				SWIFT_VERSION = 5.0;
				TARGETED_DEVICE_FAMILY = "1,2";
				TEST_TARGET_NAME = Repos;
			};
			name = Release;
		};
/* End XCBuildConfiguration section */

/* Begin XCConfigurationList section */
		43B1F6EA2A01D0AB00355AA8 /* Build configuration list for PBXProject "Repos" */ = {
			isa = XCConfigurationList;
			buildConfigurations = (
				43B1F7112A01D0AC00355AA8 /* Debug */,
				43B1F7122A01D0AC00355AA8 /* Release */,
			);
			defaultConfigurationIsVisible = 0;
			defaultConfigurationName = Release;
		};
		43B1F7132A01D0AC00355AA8 /* Build configuration list for PBXNativeTarget "Repos" */ = {
			isa = XCConfigurationList;
			buildConfigurations = (
				43B1F7142A01D0AC00355AA8 /* Debug */,
				43B1F7152A01D0AC00355AA8 /* Release */,
			);
			defaultConfigurationIsVisible = 0;
			defaultConfigurationName = Release;
		};
		43B1F7162A01D0AC00355AA8 /* Build configuration list for PBXNativeTarget "ReposTests" */ = {
			isa = XCConfigurationList;
			buildConfigurations = (
				43B1F7172A01D0AC00355AA8 /* Debug */,
				43B1F7182A01D0AC00355AA8 /* Release */,
			);
			defaultConfigurationIsVisible = 0;
			defaultConfigurationName = Release;
		};
		43B1F7192A01D0AC00355AA8 /* Build configuration list for PBXNativeTarget "ReposUITests" */ = {
			isa = XCConfigurationList;
			buildConfigurations = (
				43B1F71A2A01D0AC00355AA8 /* Debug */,
				43B1F71B2A01D0AC00355AA8 /* Release */,
			);
			defaultConfigurationIsVisible = 0;
			defaultConfigurationName = Release;
		};
/* End XCConfigurationList section */
	};
	rootObject = 43B1F6E72A01D0AB00355AA8 /* Project object */;
}
