// !$*UTF8*$!
{
	archiveVersion = 1;
	classes = {
	};
	objectVersion = 56;
	objects = {

/* Begin PBXBuildFile section */
		43041F392A052B82000D1F87 /* AppDelegate.swift in Sources */ = {isa = PBXBuildFile; fileRef = 43041F382A052B82000D1F87 /* AppDelegate.swift */; };
		43041F3B2A052CF5000D1F87 /* AdaptiveStack.swift in Sources */ = {isa = PBXBuildFile; fileRef = 43041F3A2A052CF5000D1F87 /* AdaptiveStack.swift */; };
		43041F3D2A05304D000D1F87 /* MainButton.swift in Sources */ = {isa = PBXBuildFile; fileRef = 43041F3C2A05304D000D1F87 /* MainButton.swift */; };
		43041F3F2A053238000D1F87 /* DisplayModels.swift in Sources */ = {isa = PBXBuildFile; fileRef = 43041F3E2A053238000D1F87 /* DisplayModels.swift */; };
		43041F412A053250000D1F87 /* Responses.swift in Sources */ = {isa = PBXBuildFile; fileRef = 43041F402A053250000D1F87 /* Responses.swift */; };
		43041F432A05326A000D1F87 /* ImageModifiers.swift in Sources */ = {isa = PBXBuildFile; fileRef = 43041F422A05326A000D1F87 /* ImageModifiers.swift */; };
		43041F462A0532B2000D1F87 /* Data+.swift in Sources */ = {isa = PBXBuildFile; fileRef = 43041F452A0532B2000D1F87 /* Data+.swift */; };
		43041F482A0532C4000D1F87 /* Date+.swift in Sources */ = {isa = PBXBuildFile; fileRef = 43041F472A0532C4000D1F87 /* Date+.swift */; };
		43041F4B2A0532E9000D1F87 /* ReposService.swift in Sources */ = {isa = PBXBuildFile; fileRef = 43041F4A2A0532E9000D1F87 /* ReposService.swift */; };
		43041F4D2A053357000D1F87 /* HTTPError.swift in Sources */ = {isa = PBXBuildFile; fileRef = 43041F4C2A053357000D1F87 /* HTTPError.swift */; };
		43041F4F2A053546000D1F87 /* HTTPWrapper.swift in Sources */ = {isa = PBXBuildFile; fileRef = 43041F4E2A053546000D1F87 /* HTTPWrapper.swift */; };
		43041F512A054822000D1F87 /* Int+.swift in Sources */ = {isa = PBXBuildFile; fileRef = 43041F502A054822000D1F87 /* Int+.swift */; };
		43041F552A054B1E000D1F87 /* StubReposService.swift in Sources */ = {isa = PBXBuildFile; fileRef = 43041F542A054B1D000D1F87 /* StubReposService.swift */; };
		43041F572A054BD2000D1F87 /* ReposServiceTests.swift in Sources */ = {isa = PBXBuildFile; fileRef = 43041F562A054BD2000D1F87 /* ReposServiceTests.swift */; };
		43041F5A2A054CC0000D1F87 /* CountDescriptionTests.swift in Sources */ = {isa = PBXBuildFile; fileRef = 43041F592A054CC0000D1F87 /* CountDescriptionTests.swift */; };
		43041F5C2A054E9E000D1F87 /* DateTests.swift in Sources */ = {isa = PBXBuildFile; fileRef = 43041F5B2A054E9E000D1F87 /* DateTests.swift */; };
		43041F5E2A056654000D1F87 /* FeaturedView.swift in Sources */ = {isa = PBXBuildFile; fileRef = 43041F5D2A056654000D1F87 /* FeaturedView.swift */; };
		43041F602A056F9A000D1F87 /* GeometryReader.swift in Sources */ = {isa = PBXBuildFile; fileRef = 43041F5F2A056F9A000D1F87 /* GeometryReader.swift */; };
		433800912A05155D004F0DC0 /* WebViewController.swift in Sources */ = {isa = PBXBuildFile; fileRef = 433800902A05155D004F0DC0 /* WebViewController.swift */; };
		433800932A0516A9004F0DC0 /* WebViewControllerRepresentable.swift in Sources */ = {isa = PBXBuildFile; fileRef = 433800922A0516A9004F0DC0 /* WebViewControllerRepresentable.swift */; };
		433800952A0516C0004F0DC0 /* WebView.swift in Sources */ = {isa = PBXBuildFile; fileRef = 433800942A0516C0004F0DC0 /* WebView.swift */; };
		433800972A051773004F0DC0 /* WebContainerView.swift in Sources */ = {isa = PBXBuildFile; fileRef = 433800962A051773004F0DC0 /* WebContainerView.swift */; };
		4338009F2A052266004F0DC0 /* DetailIconImage.swift in Sources */ = {isa = PBXBuildFile; fileRef = 4338009E2A052266004F0DC0 /* DetailIconImage.swift */; };
		433800A12A0525A3004F0DC0 /* OwnerSection.swift in Sources */ = {isa = PBXBuildFile; fileRef = 433800A02A0525A3004F0DC0 /* OwnerSection.swift */; };
		433800A32A05260B004F0DC0 /* StatsSection.swift in Sources */ = {isa = PBXBuildFile; fileRef = 433800A22A05260B004F0DC0 /* StatsSection.swift */; };
		433800A52A05263B004F0DC0 /* DetailsSection.swift in Sources */ = {isa = PBXBuildFile; fileRef = 433800A42A05263B004F0DC0 /* DetailsSection.swift */; };
		433800A72A052676004F0DC0 /* DescriptionSection.swift in Sources */ = {isa = PBXBuildFile; fileRef = 433800A62A052676004F0DC0 /* DescriptionSection.swift */; };
		434A69752A08FFDD00C3B034 /* UIDevice+.swift in Sources */ = {isa = PBXBuildFile; fileRef = 434A69742A08FFDD00C3B034 /* UIDevice+.swift */; };
		436335C82A042D71001119FE /* TextModifiers.swift in Sources */ = {isa = PBXBuildFile; fileRef = 436335C72A042D71001119FE /* TextModifiers.swift */; };
		436335CA2A043EDC001119FE /* ReposView.swift in Sources */ = {isa = PBXBuildFile; fileRef = 436335C92A043EDC001119FE /* ReposView.swift */; };
		436335CD2A04481B001119FE /* ReposModel.swift in Sources */ = {isa = PBXBuildFile; fileRef = 436335CC2A04481B001119FE /* ReposModel.swift */; };
		436335CF2A0457EF001119FE /* RepoDetailView.swift in Sources */ = {isa = PBXBuildFile; fileRef = 436335CE2A0457EF001119FE /* RepoDetailView.swift */; };
		436335D12A045EA0001119FE /* ViewModifiers.swift in Sources */ = {isa = PBXBuildFile; fileRef = 436335D02A045EA0001119FE /* ViewModifiers.swift */; };
		436335D32A0460F2001119FE /* RepoRow.swift in Sources */ = {isa = PBXBuildFile; fileRef = 436335D22A0460F2001119FE /* RepoRow.swift */; };
		43B1F6F32A01D0AB00355AA8 /* ReposApp.swift in Sources */ = {isa = PBXBuildFile; fileRef = 43B1F6F22A01D0AB00355AA8 /* ReposApp.swift */; };
		43B1F6F72A01D0AC00355AA8 /* Assets.xcassets in Resources */ = {isa = PBXBuildFile; fileRef = 43B1F6F62A01D0AC00355AA8 /* Assets.xcassets */; };
		43B1F6FA2A01D0AC00355AA8 /* Preview Assets.xcassets in Resources */ = {isa = PBXBuildFile; fileRef = 43B1F6F92A01D0AC00355AA8 /* Preview Assets.xcassets */; };
		43B1F7042A01D0AC00355AA8 /* ReposTests.swift in Sources */ = {isa = PBXBuildFile; fileRef = 43B1F7032A01D0AC00355AA8 /* ReposTests.swift */; };
		43B1F70E2A01D0AC00355AA8 /* ReposUITests.swift in Sources */ = {isa = PBXBuildFile; fileRef = 43B1F70D2A01D0AC00355AA8 /* ReposUITests.swift */; };
		43B1F7102A01D0AC00355AA8 /* ReposUITestsLaunchTests.swift in Sources */ = {isa = PBXBuildFile; fileRef = 43B1F70F2A01D0AC00355AA8 /* ReposUITestsLaunchTests.swift */; };
		43B1F71E2A01D6EC00355AA8 /* OnboardingView.swift in Sources */ = {isa = PBXBuildFile; fileRef = 43B1F71D2A01D6EC00355AA8 /* OnboardingView.swift */; };
/* End PBXBuildFile section */

/* Begin PBXContainerItemProxy section */
		43B1F7002A01D0AC00355AA8 /* PBXContainerItemProxy */ = {
			isa = PBXContainerItemProxy;
			containerPortal = 43B1F6E72A01D0AB00355AA8 /* Project object */;
			proxyType = 1;
			remoteGlobalIDString = 43B1F6EE2A01D0AB00355AA8;
			remoteInfo = Repos;
		};
		43B1F70A2A01D0AC00355AA8 /* PBXContainerItemProxy */ = {
			isa = PBXContainerItemProxy;
			containerPortal = 43B1F6E72A01D0AB00355AA8 /* Project object */;
			proxyType = 1;
			remoteGlobalIDString = 43B1F6EE2A01D0AB00355AA8;
			remoteInfo = Repos;
		};
/* End PBXContainerItemProxy section */

/* Begin PBXFileReference section */
		43041F382A052B82000D1F87 /* AppDelegate.swift */ = {isa = PBXFileReference; lastKnownFileType = sourcecode.swift; path = AppDelegate.swift; sourceTree = "<group>"; };
		43041F3A2A052CF5000D1F87 /* AdaptiveStack.swift */ = {isa = PBXFileReference; lastKnownFileType = sourcecode.swift; path = AdaptiveStack.swift; sourceTree = "<group>"; };
		43041F3C2A05304D000D1F87 /* MainButton.swift */ = {isa = PBXFileReference; lastKnownFileType = sourcecode.swift; path = MainButton.swift; sourceTree = "<group>"; };
		43041F3E2A053238000D1F87 /* DisplayModels.swift */ = {isa = PBXFileReference; lastKnownFileType = sourcecode.swift; path = DisplayModels.swift; sourceTree = "<group>"; };
		43041F402A053250000D1F87 /* Responses.swift */ = {isa = PBXFileReference; lastKnownFileType = sourcecode.swift; path = Responses.swift; sourceTree = "<group>"; };
		43041F422A05326A000D1F87 /* ImageModifiers.swift */ = {isa = PBXFileReference; lastKnownFileType = sourcecode.swift; path = ImageModifiers.swift; sourceTree = "<group>"; };
		43041F452A0532B2000D1F87 /* Data+.swift */ = {isa = PBXFileReference; lastKnownFileType = sourcecode.swift; path = "Data+.swift"; sourceTree = "<group>"; };
		43041F472A0532C4000D1F87 /* Date+.swift */ = {isa = PBXFileReference; lastKnownFileType = sourcecode.swift; path = "Date+.swift"; sourceTree = "<group>"; };
		43041F4A2A0532E9000D1F87 /* ReposService.swift */ = {isa = PBXFileReference; lastKnownFileType = sourcecode.swift; path = ReposService.swift; sourceTree = "<group>"; };
		43041F4C2A053357000D1F87 /* HTTPError.swift */ = {isa = PBXFileReference; lastKnownFileType = sourcecode.swift; path = HTTPError.swift; sourceTree = "<group>"; };
		43041F4E2A053546000D1F87 /* HTTPWrapper.swift */ = {isa = PBXFileReference; lastKnownFileType = sourcecode.swift; path = HTTPWrapper.swift; sourceTree = "<group>"; };
		43041F502A054822000D1F87 /* Int+.swift */ = {isa = PBXFileReference; lastKnownFileType = sourcecode.swift; path = "Int+.swift"; sourceTree = "<group>"; };
		43041F542A054B1D000D1F87 /* StubReposService.swift */ = {isa = PBXFileReference; lastKnownFileType = sourcecode.swift; path = StubReposService.swift; sourceTree = "<group>"; };
		43041F562A054BD2000D1F87 /* ReposServiceTests.swift */ = {isa = PBXFileReference; lastKnownFileType = sourcecode.swift; path = ReposServiceTests.swift; sourceTree = "<group>"; };
		43041F592A054CC0000D1F87 /* CountDescriptionTests.swift */ = {isa = PBXFileReference; lastKnownFileType = sourcecode.swift; path = CountDescriptionTests.swift; sourceTree = "<group>"; };
		43041F5B2A054E9E000D1F87 /* DateTests.swift */ = {isa = PBXFileReference; lastKnownFileType = sourcecode.swift; path = DateTests.swift; sourceTree = "<group>"; };
		43041F5D2A056654000D1F87 /* FeaturedView.swift */ = {isa = PBXFileReference; lastKnownFileType = sourcecode.swift; path = FeaturedView.swift; sourceTree = "<group>"; };
		43041F5F2A056F9A000D1F87 /* GeometryReader.swift */ = {isa = PBXFileReference; lastKnownFileType = sourcecode.swift; path = GeometryReader.swift; sourceTree = "<group>"; };
		433800902A05155D004F0DC0 /* WebViewController.swift */ = {isa = PBXFileReference; lastKnownFileType = sourcecode.swift; path = WebViewController.swift; sourceTree = "<group>"; };
		433800922A0516A9004F0DC0 /* WebViewControllerRepresentable.swift */ = {isa = PBXFileReference; lastKnownFileType = sourcecode.swift; path = WebViewControllerRepresentable.swift; sourceTree = "<group>"; };
		433800942A0516C0004F0DC0 /* WebView.swift */ = {isa = PBXFileReference; lastKnownFileType = sourcecode.swift; path = WebView.swift; sourceTree = "<group>"; };
		433800962A051773004F0DC0 /* WebContainerView.swift */ = {isa = PBXFileReference; lastKnownFileType = sourcecode.swift; path = WebContainerView.swift; sourceTree = "<group>"; };
		4338009E2A052266004F0DC0 /* DetailIconImage.swift */ = {isa = PBXFileReference; lastKnownFileType = sourcecode.swift; path = DetailIconImage.swift; sourceTree = "<group>"; };
		433800A02A0525A3004F0DC0 /* OwnerSection.swift */ = {isa = PBXFileReference; lastKnownFileType = sourcecode.swift; path = OwnerSection.swift; sourceTree = "<group>"; };
		433800A22A05260B004F0DC0 /* StatsSection.swift */ = {isa = PBXFileReference; lastKnownFileType = sourcecode.swift; path = StatsSection.swift; sourceTree = "<group>"; };
		433800A42A05263B004F0DC0 /* DetailsSection.swift */ = {isa = PBXFileReference; lastKnownFileType = sourcecode.swift; path = DetailsSection.swift; sourceTree = "<group>"; };
		433800A62A052676004F0DC0 /* DescriptionSection.swift */ = {isa = PBXFileReference; lastKnownFileType = sourcecode.swift; path = DescriptionSection.swift; sourceTree = "<group>"; };
		434A69742A08FFDD00C3B034 /* UIDevice+.swift */ = {isa = PBXFileReference; lastKnownFileType = sourcecode.swift; path = "UIDevice+.swift"; sourceTree = "<group>"; };
		436335C72A042D71001119FE /* TextModifiers.swift */ = {isa = PBXFileReference; lastKnownFileType = sourcecode.swift; path = TextModifiers.swift; sourceTree = "<group>"; };
		436335C92A043EDC001119FE /* ReposView.swift */ = {isa = PBXFileReference; lastKnownFileType = sourcecode.swift; path = ReposView.swift; sourceTree = "<group>"; };
		436335CC2A04481B001119FE /* ReposModel.swift */ = {isa = PBXFileReference; lastKnownFileType = sourcecode.swift; path = ReposModel.swift; sourceTree = "<group>"; };
		436335CE2A0457EF001119FE /* RepoDetailView.swift */ = {isa = PBXFileReference; lastKnownFileType = sourcecode.swift; path = RepoDetailView.swift; sourceTree = "<group>"; };
		436335D02A045EA0001119FE /* ViewModifiers.swift */ = {isa = PBXFileReference; lastKnownFileType = sourcecode.swift; path = ViewModifiers.swift; sourceTree = "<group>"; };
		436335D22A0460F2001119FE /* RepoRow.swift */ = {isa = PBXFileReference; lastKnownFileType = sourcecode.swift; path = RepoRow.swift; sourceTree = "<group>"; };
		43B1F6EF2A01D0AB00355AA8 /* Repos.app */ = {isa = PBXFileReference; explicitFileType = wrapper.application; includeInIndex = 0; path = Repos.app; sourceTree = BUILT_PRODUCTS_DIR; };
		43B1F6F22A01D0AB00355AA8 /* ReposApp.swift */ = {isa = PBXFileReference; lastKnownFileType = sourcecode.swift; path = ReposApp.swift; sourceTree = "<group>"; };
		43B1F6F62A01D0AC00355AA8 /* Assets.xcassets */ = {isa = PBXFileReference; lastKnownFileType = folder.assetcatalog; path = Assets.xcassets; sourceTree = "<group>"; };
		43B1F6F92A01D0AC00355AA8 /* Preview Assets.xcassets */ = {isa = PBXFileReference; lastKnownFileType = folder.assetcatalog; path = "Preview Assets.xcassets"; sourceTree = "<group>"; };
		43B1F6FF2A01D0AC00355AA8 /* ReposTests.xctest */ = {isa = PBXFileReference; explicitFileType = wrapper.cfbundle; includeInIndex = 0; path = ReposTests.xctest; sourceTree = BUILT_PRODUCTS_DIR; };
		43B1F7032A01D0AC00355AA8 /* ReposTests.swift */ = {isa = PBXFileReference; lastKnownFileType = sourcecode.swift; path = ReposTests.swift; sourceTree = "<group>"; };
		43B1F7092A01D0AC00355AA8 /* ReposUITests.xctest */ = {isa = PBXFileReference; explicitFileType = wrapper.cfbundle; includeInIndex = 0; path = ReposUITests.xctest; sourceTree = BUILT_PRODUCTS_DIR; };
		43B1F70D2A01D0AC00355AA8 /* ReposUITests.swift */ = {isa = PBXFileReference; lastKnownFileType = sourcecode.swift; path = ReposUITests.swift; sourceTree = "<group>"; };
		43B1F70F2A01D0AC00355AA8 /* ReposUITestsLaunchTests.swift */ = {isa = PBXFileReference; lastKnownFileType = sourcecode.swift; path = ReposUITestsLaunchTests.swift; sourceTree = "<group>"; };
		43B1F71D2A01D6EC00355AA8 /* OnboardingView.swift */ = {isa = PBXFileReference; lastKnownFileType = sourcecode.swift; path = OnboardingView.swift; sourceTree = "<group>"; };
/* End PBXFileReference section */

/* Begin PBXFrameworksBuildPhase section */
		43B1F6EC2A01D0AB00355AA8 /* Frameworks */ = {
			isa = PBXFrameworksBuildPhase;
			buildActionMask = 2147483647;
			files = (
			);
			runOnlyForDeploymentPostprocessing = 0;
		};
		43B1F6FC2A01D0AC00355AA8 /* Frameworks */ = {
			isa = PBXFrameworksBuildPhase;
			buildActionMask = 2147483647;
			files = (
			);
			runOnlyForDeploymentPostprocessing = 0;
		};
		43B1F7062A01D0AC00355AA8 /* Frameworks */ = {
			isa = PBXFrameworksBuildPhase;
			buildActionMask = 2147483647;
			files = (
			);
			runOnlyForDeploymentPostprocessing = 0;
		};
/* End PBXFrameworksBuildPhase section */

/* Begin PBXGroup section */
		43041F442A05329E000D1F87 /* Extensions */ = {
			isa = PBXGroup;
			children = (
				43041F452A0532B2000D1F87 /* Data+.swift */,
				43041F472A0532C4000D1F87 /* Date+.swift */,
				43041F502A054822000D1F87 /* Int+.swift */,
				434A69742A08FFDD00C3B034 /* UIDevice+.swift */,
			);
			path = Extensions;
			sourceTree = "<group>";
		};
		43041F492A0532D8000D1F87 /* Services */ = {
			isa = PBXGroup;
			children = (
				43041F4A2A0532E9000D1F87 /* ReposService.swift */,
				43041F4E2A053546000D1F87 /* HTTPWrapper.swift */,
			);
			path = Services;
			sourceTree = "<group>";
		};
		43041F522A054B05000D1F87 /* Services */ = {
			isa = PBXGroup;
			children = (
				43041F562A054BD2000D1F87 /* ReposServiceTests.swift */,
			);
			path = Services;
			sourceTree = "<group>";
		};
		43041F532A054B10000D1F87 /* Stubs */ = {
			isa = PBXGroup;
			children = (
				43041F542A054B1D000D1F87 /* StubReposService.swift */,
			);
			path = Stubs;
			sourceTree = "<group>";
		};
		43041F582A054CA7000D1F87 /* CommonTests */ = {
			isa = PBXGroup;
			children = (
				43041F592A054CC0000D1F87 /* CountDescriptionTests.swift */,
				43041F5B2A054E9E000D1F87 /* DateTests.swift */,
			);
			path = CommonTests;
			sourceTree = "<group>";
		};
		4338008F2A05152F004F0DC0 /* Web */ = {
			isa = PBXGroup;
			children = (
				433800902A05155D004F0DC0 /* WebViewController.swift */,
				433800922A0516A9004F0DC0 /* WebViewControllerRepresentable.swift */,
				433800942A0516C0004F0DC0 /* WebView.swift */,
				433800962A051773004F0DC0 /* WebContainerView.swift */,
			);
			path = Web;
			sourceTree = "<group>";
		};
		433800982A051A34004F0DC0 /* Onboarding */ = {
			isa = PBXGroup;
			children = (
				43B1F71D2A01D6EC00355AA8 /* OnboardingView.swift */,
			);
			path = Onboarding;
			sourceTree = "<group>";
		};
		433800992A051A3B004F0DC0 /* Repos */ = {
			isa = PBXGroup;
			children = (
				436335D22A0460F2001119FE /* RepoRow.swift */,
				436335C92A043EDC001119FE /* ReposView.swift */,
				43041F5D2A056654000D1F87 /* FeaturedView.swift */,
			);
			path = Repos;
			sourceTree = "<group>";
		};
		4338009A2A051A4C004F0DC0 /* Detail */ = {
			isa = PBXGroup;
			children = (
				433800A62A052676004F0DC0 /* DescriptionSection.swift */,
				433800A42A05263B004F0DC0 /* DetailsSection.swift */,
				433800A02A0525A3004F0DC0 /* OwnerSection.swift */,
				436335CE2A0457EF001119FE /* RepoDetailView.swift */,
				433800A22A05260B004F0DC0 /* StatsSection.swift */,
			);
			path = Detail;
			sourceTree = "<group>";
		};
		4338009B2A051C4A004F0DC0 /* Common */ = {
			isa = PBXGroup;
			children = (
				4338009E2A052266004F0DC0 /* DetailIconImage.swift */,
				43041F3A2A052CF5000D1F87 /* AdaptiveStack.swift */,
				43041F3C2A05304D000D1F87 /* MainButton.swift */,
				43041F5F2A056F9A000D1F87 /* GeometryReader.swift */,
			);
			path = Common;
			sourceTree = "<group>";
		};
		436335C62A042D5D001119FE /* Modifiers */ = {
			isa = PBXGroup;
			children = (
				43041F422A05326A000D1F87 /* ImageModifiers.swift */,
				436335C72A042D71001119FE /* TextModifiers.swift */,
				436335D02A045EA0001119FE /* ViewModifiers.swift */,
			);
			path = Modifiers;
			sourceTree = "<group>";
		};
		436335CB2A04480C001119FE /* Models */ = {
			isa = PBXGroup;
			children = (
				43041F3E2A053238000D1F87 /* DisplayModels.swift */,
				436335CC2A04481B001119FE /* ReposModel.swift */,
				43041F402A053250000D1F87 /* Responses.swift */,
				43041F4C2A053357000D1F87 /* HTTPError.swift */,
			);
			path = Models;
			sourceTree = "<group>";
		};
		43B1F6E62A01D0AB00355AA8 = {
			isa = PBXGroup;
			children = (
				43B1F6F12A01D0AB00355AA8 /* Repos */,
				43B1F7022A01D0AC00355AA8 /* ReposTests */,
				43B1F70C2A01D0AC00355AA8 /* ReposUITests */,
				43B1F6F02A01D0AB00355AA8 /* Products */,
			);
			sourceTree = "<group>";
		};
		43B1F6F02A01D0AB00355AA8 /* Products */ = {
			isa = PBXGroup;
			children = (
				43B1F6EF2A01D0AB00355AA8 /* Repos.app */,
				43B1F6FF2A01D0AC00355AA8 /* ReposTests.xctest */,
				43B1F7092A01D0AC00355AA8 /* ReposUITests.xctest */,
			);
			name = Products;
			sourceTree = "<group>";
		};
		43B1F6F12A01D0AB00355AA8 /* Repos */ = {
			isa = PBXGroup;
			children = (
				43041F492A0532D8000D1F87 /* Services */,
				43041F442A05329E000D1F87 /* Extensions */,
				436335CB2A04480C001119FE /* Models */,
				436335C62A042D5D001119FE /* Modifiers */,
				43B1F71C2A01D6D300355AA8 /* Views */,
				43B1F6F22A01D0AB00355AA8 /* ReposApp.swift */,
				43041F382A052B82000D1F87 /* AppDelegate.swift */,
				43B1F6F62A01D0AC00355AA8 /* Assets.xcassets */,
				43B1F6F82A01D0AC00355AA8 /* Preview Content */,
			);
			path = Repos;
			sourceTree = "<group>";
		};
		43B1F6F82A01D0AC00355AA8 /* Preview Content */ = {
			isa = PBXGroup;
			children = (
				43B1F6F92A01D0AC00355AA8 /* Preview Assets.xcassets */,
			);
			path = "Preview Content";
			sourceTree = "<group>";
		};
		43B1F7022A01D0AC00355AA8 /* ReposTests */ = {
			isa = PBXGroup;
			children = (
				43041F582A054CA7000D1F87 /* CommonTests */,
				43041F532A054B10000D1F87 /* Stubs */,
				43041F522A054B05000D1F87 /* Services */,
				43B1F7032A01D0AC00355AA8 /* ReposTests.swift */,
			);
			path = ReposTests;
			sourceTree = "<group>";
		};
		43B1F70C2A01D0AC00355AA8 /* ReposUITests */ = {
			isa = PBXGroup;
			children = (
				43B1F70D2A01D0AC00355AA8 /* ReposUITests.swift */,
				43B1F70F2A01D0AC00355AA8 /* ReposUITestsLaunchTests.swift */,
			);
			path = ReposUITests;
			sourceTree = "<group>";
		};
		43B1F71C2A01D6D300355AA8 /* Views */ = {
			isa = PBXGroup;
			children = (
				4338009B2A051C4A004F0DC0 /* Common */,
				4338009A2A051A4C004F0DC0 /* Detail */,
				433800982A051A34004F0DC0 /* Onboarding */,
				433800992A051A3B004F0DC0 /* Repos */,
				4338008F2A05152F004F0DC0 /* Web */,
			);
			path = Views;
			sourceTree = "<group>";
		};
/* End PBXGroup section */

/* Begin PBXNativeTarget section */
		43B1F6EE2A01D0AB00355AA8 /* Repos */ = {
			isa = PBXNativeTarget;
			buildConfigurationList = 43B1F7132A01D0AC00355AA8 /* Build configuration list for PBXNativeTarget "Repos" */;
			buildPhases = (
				43B1F6EB2A01D0AB00355AA8 /* Sources */,
				43B1F6EC2A01D0AB00355AA8 /* Frameworks */,
				43B1F6ED2A01D0AB00355AA8 /* Resources */,
			);
			buildRules = (
			);
			dependencies = (
			);
			name = Repos;
			productName = Repos;
			productReference = 43B1F6EF2A01D0AB00355AA8 /* Repos.app */;
			productType = "com.apple.product-type.application";
		};
		43B1F6FE2A01D0AC00355AA8 /* ReposTests */ = {
			isa = PBXNativeTarget;
			buildConfigurationList = 43B1F7162A01D0AC00355AA8 /* Build configuration list for PBXNativeTarget "ReposTests" */;
			buildPhases = (
				43B1F6FB2A01D0AC00355AA8 /* Sources */,
				43B1F6FC2A01D0AC00355AA8 /* Frameworks */,
				43B1F6FD2A01D0AC00355AA8 /* Resources */,
			);
			buildRules = (
			);
			dependencies = (
				43B1F7012A01D0AC00355AA8 /* PBXTargetDependency */,
			);
			name = ReposTests;
			productName = ReposTests;
			productReference = 43B1F6FF2A01D0AC00355AA8 /* ReposTests.xctest */;
			productType = "com.apple.product-type.bundle.unit-test";
		};
		43B1F7082A01D0AC00355AA8 /* ReposUITests */ = {
			isa = PBXNativeTarget;
			buildConfigurationList = 43B1F7192A01D0AC00355AA8 /* Build configuration list for PBXNativeTarget "ReposUITests" */;
			buildPhases = (
				43B1F7052A01D0AC00355AA8 /* Sources */,
				43B1F7062A01D0AC00355AA8 /* Frameworks */,
				43B1F7072A01D0AC00355AA8 /* Resources */,
			);
			buildRules = (
			);
			dependencies = (
				43B1F70B2A01D0AC00355AA8 /* PBXTargetDependency */,
			);
			name = ReposUITests;
			productName = ReposUITests;
			productReference = 43B1F7092A01D0AC00355AA8 /* ReposUITests.xctest */;
			productType = "com.apple.product-type.bundle.ui-testing";
		};
/* End PBXNativeTarget section */

/* Begin PBXProject section */
		43B1F6E72A01D0AB00355AA8 /* Project object */ = {
			isa = PBXProject;
			attributes = {
				BuildIndependentTargetsInParallel = 1;
				LastSwiftUpdateCheck = 1430;
				LastUpgradeCheck = 1430;
				TargetAttributes = {
					43B1F6EE2A01D0AB00355AA8 = {
						CreatedOnToolsVersion = 14.3;
					};
					43B1F6FE2A01D0AC00355AA8 = {
						CreatedOnToolsVersion = 14.3;
						TestTargetID = 43B1F6EE2A01D0AB00355AA8;
					};
					43B1F7082A01D0AC00355AA8 = {
						CreatedOnToolsVersion = 14.3;
						TestTargetID = 43B1F6EE2A01D0AB00355AA8;
					};
				};
			};
			buildConfigurationList = 43B1F6EA2A01D0AB00355AA8 /* Build configuration list for PBXProject "Repos" */;
			compatibilityVersion = "Xcode 14.0";
			developmentRegion = en;
			hasScannedForEncodings = 0;
			knownRegions = (
				en,
				Base,
			);
			mainGroup = 43B1F6E62A01D0AB00355AA8;
			productRefGroup = 43B1F6F02A01D0AB00355AA8 /* Products */;
			projectDirPath = "";
			projectRoot = "";
			targets = (
				43B1F6EE2A01D0AB00355AA8 /* Repos */,
				43B1F6FE2A01D0AC00355AA8 /* ReposTests */,
				43B1F7082A01D0AC00355AA8 /* ReposUITests */,
			);
		};
/* End PBXProject section */

/* Begin PBXResourcesBuildPhase section */
		43B1F6ED2A01D0AB00355AA8 /* Resources */ = {
			isa = PBXResourcesBuildPhase;
			buildActionMask = 2147483647;
			files = (
				43B1F6FA2A01D0AC00355AA8 /* Preview Assets.xcassets in Resources */,
				43B1F6F72A01D0AC00355AA8 /* Assets.xcassets in Resources */,
			);
			runOnlyForDeploymentPostprocessing = 0;
		};
		43B1F6FD2A01D0AC00355AA8 /* Resources */ = {
			isa = PBXResourcesBuildPhase;
			buildActionMask = 2147483647;
			files = (
			);
			runOnlyForDeploymentPostprocessing = 0;
		};
		43B1F7072A01D0AC00355AA8 /* Resources */ = {
			isa = PBXResourcesBuildPhase;
			buildActionMask = 2147483647;
			files = (
			);
			runOnlyForDeploymentPostprocessing = 0;
		};
/* End PBXResourcesBuildPhase section */

/* Begin PBXSourcesBuildPhase section */
		43B1F6EB2A01D0AB00355AA8 /* Sources */ = {
			isa = PBXSourcesBuildPhase;
			buildActionMask = 2147483647;
			files = (
				43041F412A053250000D1F87 /* Responses.swift in Sources */,
				433800972A051773004F0DC0 /* WebContainerView.swift in Sources */,
				433800A32A05260B004F0DC0 /* StatsSection.swift in Sources */,
				43041F462A0532B2000D1F87 /* Data+.swift in Sources */,
				43041F3D2A05304D000D1F87 /* MainButton.swift in Sources */,
				43041F432A05326A000D1F87 /* ImageModifiers.swift in Sources */,
				43041F392A052B82000D1F87 /* AppDelegate.swift in Sources */,
				43041F482A0532C4000D1F87 /* Date+.swift in Sources */,
				436335CA2A043EDC001119FE /* ReposView.swift in Sources */,
				436335D32A0460F2001119FE /* RepoRow.swift in Sources */,
				43041F5E2A056654000D1F87 /* FeaturedView.swift in Sources */,
				43041F4D2A053357000D1F87 /* HTTPError.swift in Sources */,
				433800A12A0525A3004F0DC0 /* OwnerSection.swift in Sources */,
				43041F4B2A0532E9000D1F87 /* ReposService.swift in Sources */,
				434A69752A08FFDD00C3B034 /* UIDevice+.swift in Sources */,
				43041F4F2A053546000D1F87 /* HTTPWrapper.swift in Sources */,
				433800912A05155D004F0DC0 /* WebViewController.swift in Sources */,
				436335C82A042D71001119FE /* TextModifiers.swift in Sources */,
				436335D12A045EA0001119FE /* ViewModifiers.swift in Sources */,
				433800A72A052676004F0DC0 /* DescriptionSection.swift in Sources */,
				43041F512A054822000D1F87 /* Int+.swift in Sources */,
				43041F3B2A052CF5000D1F87 /* AdaptiveStack.swift in Sources */,
				43041F3F2A053238000D1F87 /* DisplayModels.swift in Sources */,
				433800A52A05263B004F0DC0 /* DetailsSection.swift in Sources */,
				43B1F6F32A01D0AB00355AA8 /* ReposApp.swift in Sources */,
				43B1F71E2A01D6EC00355AA8 /* OnboardingView.swift in Sources */,
				43041F602A056F9A000D1F87 /* GeometryReader.swift in Sources */,
				4338009F2A052266004F0DC0 /* DetailIconImage.swift in Sources */,
				433800932A0516A9004F0DC0 /* WebViewControllerRepresentable.swift in Sources */,
				433800952A0516C0004F0DC0 /* WebView.swift in Sources */,
				436335CF2A0457EF001119FE /* RepoDetailView.swift in Sources */,
				436335CD2A04481B001119FE /* ReposModel.swift in Sources */,
			);
			runOnlyForDeploymentPostprocessing = 0;
		};
		43B1F6FB2A01D0AC00355AA8 /* Sources */ = {
			isa = PBXSourcesBuildPhase;
			buildActionMask = 2147483647;
			files = (
				43B1F7042A01D0AC00355AA8 /* ReposTests.swift in Sources */,
				43041F572A054BD2000D1F87 /* ReposServiceTests.swift in Sources */,
				43041F5A2A054CC0000D1F87 /* CountDescriptionTests.swift in Sources */,
				43041F552A054B1E000D1F87 /* StubReposService.swift in Sources */,
				43041F5C2A054E9E000D1F87 /* DateTests.swift in Sources */,
			);
			runOnlyForDeploymentPostprocessing = 0;
		};
		43B1F7052A01D0AC00355AA8 /* Sources */ = {
			isa = PBXSourcesBuildPhase;
			buildActionMask = 2147483647;
			files = (
				43B1F7102A01D0AC00355AA8 /* ReposUITestsLaunchTests.swift in Sources */,
				43B1F70E2A01D0AC00355AA8 /* ReposUITests.swift in Sources */,
			);
			runOnlyForDeploymentPostprocessing = 0;
		};
/* End PBXSourcesBuildPhase section */

/* Begin PBXTargetDependency section */
		43B1F7012A01D0AC00355AA8 /* PBXTargetDependency */ = {
			isa = PBXTargetDependency;
			target = 43B1F6EE2A01D0AB00355AA8 /* Repos */;
			targetProxy = 43B1F7002A01D0AC00355AA8 /* PBXContainerItemProxy */;
		};
		43B1F70B2A01D0AC00355AA8 /* PBXTargetDependency */ = {
			isa = PBXTargetDependency;
			target = 43B1F6EE2A01D0AB00355AA8 /* Repos */;
			targetProxy = 43B1F70A2A01D0AC00355AA8 /* PBXContainerItemProxy */;
		};
/* End PBXTargetDependency section */

/* Begin XCBuildConfiguration section */
		43B1F7112A01D0AC00355AA8 /* Debug */ = {
			isa = XCBuildConfiguration;
			buildSettings = {
				ALWAYS_SEARCH_USER_PATHS = NO;
				CLANG_ANALYZER_NONNULL = YES;
				CLANG_ANALYZER_NUMBER_OBJECT_CONVERSION = YES_AGGRESSIVE;
				CLANG_CXX_LANGUAGE_STANDARD = "gnu++20";
				CLANG_ENABLE_MODULES = YES;
				CLANG_ENABLE_OBJC_ARC = YES;
				CLANG_ENABLE_OBJC_WEAK = YES;
				CLANG_WARN_BLOCK_CAPTURE_AUTORELEASING = YES;
				CLANG_WARN_BOOL_CONVERSION = YES;
				CLANG_WARN_COMMA = YES;
				CLANG_WARN_CONSTANT_CONVERSION = YES;
				CLANG_WARN_DEPRECATED_OBJC_IMPLEMENTATIONS = YES;
				CLANG_WARN_DIRECT_OBJC_ISA_USAGE = YES_ERROR;
				CLANG_WARN_DOCUMENTATION_COMMENTS = YES;
				CLANG_WARN_EMPTY_BODY = YES;
				CLANG_WARN_ENUM_CONVERSION = YES;
				CLANG_WARN_INFINITE_RECURSION = YES;
				CLANG_WARN_INT_CONVERSION = YES;
				CLANG_WARN_NON_LITERAL_NULL_CONVERSION = YES;
				CLANG_WARN_OBJC_IMPLICIT_RETAIN_SELF = YES;
				CLANG_WARN_OBJC_LITERAL_CONVERSION = YES;
				CLANG_WARN_OBJC_ROOT_CLASS = YES_ERROR;
				CLANG_WARN_QUOTED_INCLUDE_IN_FRAMEWORK_HEADER = YES;
				CLANG_WARN_RANGE_LOOP_ANALYSIS = YES;
				CLANG_WARN_STRICT_PROTOTYPES = YES;
				CLANG_WARN_SUSPICIOUS_MOVE = YES;
				CLANG_WARN_UNGUARDED_AVAILABILITY = YES_AGGRESSIVE;
				CLANG_WARN_UNREACHABLE_CODE = YES;
				CLANG_WARN__DUPLICATE_METHOD_MATCH = YES;
				COPY_PHASE_STRIP = NO;
				DEBUG_INFORMATION_FORMAT = dwarf;
				ENABLE_STRICT_OBJC_MSGSEND = YES;
				ENABLE_TESTABILITY = YES;
				GCC_C_LANGUAGE_STANDARD = gnu11;
				GCC_DYNAMIC_NO_PIC = NO;
				GCC_NO_COMMON_BLOCKS = YES;
				GCC_OPTIMIZATION_LEVEL = 0;
				GCC_PREPROCESSOR_DEFINITIONS = (
					"DEBUG=1",
					"$(inherited)",
				);
				GCC_WARN_64_TO_32_BIT_CONVERSION = YES;
				GCC_WARN_ABOUT_RETURN_TYPE = YES_ERROR;
				GCC_WARN_UNDECLARED_SELECTOR = YES;
				GCC_WARN_UNINITIALIZED_AUTOS = YES_AGGRESSIVE;
				GCC_WARN_UNUSED_FUNCTION = YES;
				GCC_WARN_UNUSED_VARIABLE = YES;
				IPHONEOS_DEPLOYMENT_TARGET = 16.4;
				MTL_ENABLE_DEBUG_INFO = INCLUDE_SOURCE;
				MTL_FAST_MATH = YES;
				ONLY_ACTIVE_ARCH = YES;
				SDKROOT = iphoneos;
				SWIFT_ACTIVE_COMPILATION_CONDITIONS = DEBUG;
				SWIFT_OPTIMIZATION_LEVEL = "-Onone";
			};
			name = Debug;
		};
		43B1F7122A01D0AC00355AA8 /* Release */ = {
			isa = XCBuildConfiguration;
			buildSettings = {
				ALWAYS_SEARCH_USER_PATHS = NO;
				CLANG_ANALYZER_NONNULL = YES;
				CLANG_ANALYZER_NUMBER_OBJECT_CONVERSION = YES_AGGRESSIVE;
				CLANG_CXX_LANGUAGE_STANDARD = "gnu++20";
				CLANG_ENABLE_MODULES = YES;
				CLANG_ENABLE_OBJC_ARC = YES;
				CLANG_ENABLE_OBJC_WEAK = YES;
				CLANG_WARN_BLOCK_CAPTURE_AUTORELEASING = YES;
				CLANG_WARN_BOOL_CONVERSION = YES;
				CLANG_WARN_COMMA = YES;
				CLANG_WARN_CONSTANT_CONVERSION = YES;
				CLANG_WARN_DEPRECATED_OBJC_IMPLEMENTATIONS = YES;
				CLANG_WARN_DIRECT_OBJC_ISA_USAGE = YES_ERROR;
				CLANG_WARN_DOCUMENTATION_COMMENTS = YES;
				CLANG_WARN_EMPTY_BODY = YES;
				CLANG_WARN_ENUM_CONVERSION = YES;
				CLANG_WARN_INFINITE_RECURSION = YES;
				CLANG_WARN_INT_CONVERSION = YES;
				CLANG_WARN_NON_LITERAL_NULL_CONVERSION = YES;
				CLANG_WARN_OBJC_IMPLICIT_RETAIN_SELF = YES;
				CLANG_WARN_OBJC_LITERAL_CONVERSION = YES;
				CLANG_WARN_OBJC_ROOT_CLASS = YES_ERROR;
				CLANG_WARN_QUOTED_INCLUDE_IN_FRAMEWORK_HEADER = YES;
				CLANG_WARN_RANGE_LOOP_ANALYSIS = YES;
				CLANG_WARN_STRICT_PROTOTYPES = YES;
				CLANG_WARN_SUSPICIOUS_MOVE = YES;
				CLANG_WARN_UNGUARDED_AVAILABILITY = YES_AGGRESSIVE;
				CLANG_WARN_UNREACHABLE_CODE = YES;
				CLANG_WARN__DUPLICATE_METHOD_MATCH = YES;
				COPY_PHASE_STRIP = NO;
				DEBUG_INFORMATION_FORMAT = "dwarf-with-dsym";
				ENABLE_NS_ASSERTIONS = NO;
				ENABLE_STRICT_OBJC_MSGSEND = YES;
				GCC_C_LANGUAGE_STANDARD = gnu11;
				GCC_NO_COMMON_BLOCKS = YES;
				GCC_WARN_64_TO_32_BIT_CONVERSION = YES;
				GCC_WARN_ABOUT_RETURN_TYPE = YES_ERROR;
				GCC_WARN_UNDECLARED_SELECTOR = YES;
				GCC_WARN_UNINITIALIZED_AUTOS = YES_AGGRESSIVE;
				GCC_WARN_UNUSED_FUNCTION = YES;
				GCC_WARN_UNUSED_VARIABLE = YES;
				IPHONEOS_DEPLOYMENT_TARGET = 16.4;
				MTL_ENABLE_DEBUG_INFO = NO;
				MTL_FAST_MATH = YES;
				SDKROOT = iphoneos;
				SWIFT_COMPILATION_MODE = wholemodule;
				SWIFT_OPTIMIZATION_LEVEL = "-O";
				VALIDATE_PRODUCT = YES;
			};
			name = Release;
		};
		43B1F7142A01D0AC00355AA8 /* Debug */ = {
			isa = XCBuildConfiguration;
			buildSettings = {
				ASSETCATALOG_COMPILER_APPICON_NAME = AppIcon;
				ASSETCATALOG_COMPILER_GLOBAL_ACCENT_COLOR_NAME = AccentColor;
				CODE_SIGN_STYLE = Automatic;
				CURRENT_PROJECT_VERSION = 1;
				DEVELOPMENT_ASSET_PATHS = "\"Repos/Preview Content\"";
				DEVELOPMENT_TEAM = 2L9L899V66;
				ENABLE_PREVIEWS = YES;
				GENERATE_INFOPLIST_FILE = YES;
				INFOPLIST_KEY_UIApplicationSceneManifest_Generation = YES;
				INFOPLIST_KEY_UIApplicationSupportsIndirectInputEvents = YES;
				INFOPLIST_KEY_UILaunchScreen_Generation = YES;
				INFOPLIST_KEY_UISupportedInterfaceOrientations_iPad = "UIInterfaceOrientationPortrait UIInterfaceOrientationPortraitUpsideDown UIInterfaceOrientationLandscapeLeft UIInterfaceOrientationLandscapeRight";
				INFOPLIST_KEY_UISupportedInterfaceOrientations_iPhone = "UIInterfaceOrientationPortrait UIInterfaceOrientationLandscapeLeft UIInterfaceOrientationLandscapeRight";
				IPHONEOS_DEPLOYMENT_TARGET = 14.0;
				LD_RUNPATH_SEARCH_PATHS = (
					"$(inherited)",
					"@executable_path/Frameworks",
				);
				MARKETING_VERSION = 1.0;
				PRODUCT_BUNDLE_IDENTIFIER = com.memtarhan.Repos;
				PRODUCT_NAME = "$(TARGET_NAME)";
				SWIFT_EMIT_LOC_STRINGS = YES;
				SWIFT_VERSION = 5.0;
				TARGETED_DEVICE_FAMILY = "1,2";
			};
			name = Debug;
		};
		43B1F7152A01D0AC00355AA8 /* Release */ = {
			isa = XCBuildConfiguration;
			buildSettings = {
				ASSETCATALOG_COMPILER_APPICON_NAME = AppIcon;
				ASSETCATALOG_COMPILER_GLOBAL_ACCENT_COLOR_NAME = AccentColor;
				CODE_SIGN_STYLE = Automatic;
				CURRENT_PROJECT_VERSION = 1;
				DEVELOPMENT_ASSET_PATHS = "\"Repos/Preview Content\"";
				DEVELOPMENT_TEAM = 2L9L899V66;
				ENABLE_PREVIEWS = YES;
				GENERATE_INFOPLIST_FILE = YES;
				INFOPLIST_KEY_UIApplicationSceneManifest_Generation = YES;
				INFOPLIST_KEY_UIApplicationSupportsIndirectInputEvents = YES;
				INFOPLIST_KEY_UILaunchScreen_Generation = YES;
				INFOPLIST_KEY_UISupportedInterfaceOrientations_iPad = "UIInterfaceOrientationPortrait UIInterfaceOrientationPortraitUpsideDown UIInterfaceOrientationLandscapeLeft UIInterfaceOrientationLandscapeRight";
				INFOPLIST_KEY_UISupportedInterfaceOrientations_iPhone = "UIInterfaceOrientationPortrait UIInterfaceOrientationLandscapeLeft UIInterfaceOrientationLandscapeRight";
				IPHONEOS_DEPLOYMENT_TARGET = 14.0;
				LD_RUNPATH_SEARCH_PATHS = (
					"$(inherited)",
					"@executable_path/Frameworks",
				);
				MARKETING_VERSION = 1.0;
				PRODUCT_BUNDLE_IDENTIFIER = com.memtarhan.Repos;
				PRODUCT_NAME = "$(TARGET_NAME)";
				SWIFT_EMIT_LOC_STRINGS = YES;
				SWIFT_VERSION = 5.0;
				TARGETED_DEVICE_FAMILY = "1,2";
			};
			name = Release;
		};
		43B1F7172A01D0AC00355AA8 /* Debug */ = {
			isa = XCBuildConfiguration;
			buildSettings = {
				ALWAYS_EMBED_SWIFT_STANDARD_LIBRARIES = YES;
				BUNDLE_LOADER = "$(TEST_HOST)";
				CODE_SIGN_STYLE = Automatic;
				CURRENT_PROJECT_VERSION = 1;
				DEVELOPMENT_TEAM = 2L9L899V66;
				GENERATE_INFOPLIST_FILE = YES;
				IPHONEOS_DEPLOYMENT_TARGET = 16.4;
				MARKETING_VERSION = 1.0;
				PRODUCT_BUNDLE_IDENTIFIER = com.memtarhan.ReposTests;
				PRODUCT_NAME = "$(TARGET_NAME)";
				SWIFT_EMIT_LOC_STRINGS = NO;
				SWIFT_VERSION = 5.0;
				TARGETED_DEVICE_FAMILY = "1,2";
				TEST_HOST = "$(BUILT_PRODUCTS_DIR)/Repos.app/$(BUNDLE_EXECUTABLE_FOLDER_PATH)/Repos";
			};
			name = Debug;
		};
		43B1F7182A01D0AC00355AA8 /* Release */ = {
			isa = XCBuildConfiguration;
			buildSettings = {
				ALWAYS_EMBED_SWIFT_STANDARD_LIBRARIES = YES;
				BUNDLE_LOADER = "$(TEST_HOST)";
				CODE_SIGN_STYLE = Automatic;
				CURRENT_PROJECT_VERSION = 1;
				DEVELOPMENT_TEAM = 2L9L899V66;
				GENERATE_INFOPLIST_FILE = YES;
				IPHONEOS_DEPLOYMENT_TARGET = 16.4;
				MARKETING_VERSION = 1.0;
				PRODUCT_BUNDLE_IDENTIFIER = com.memtarhan.ReposTests;
				PRODUCT_NAME = "$(TARGET_NAME)";
				SWIFT_EMIT_LOC_STRINGS = NO;
				SWIFT_VERSION = 5.0;
				TARGETED_DEVICE_FAMILY = "1,2";
				TEST_HOST = "$(BUILT_PRODUCTS_DIR)/Repos.app/$(BUNDLE_EXECUTABLE_FOLDER_PATH)/Repos";
			};
			name = Release;
		};
		43B1F71A2A01D0AC00355AA8 /* Debug */ = {
			isa = XCBuildConfiguration;
			buildSettings = {
				ALWAYS_EMBED_SWIFT_STANDARD_LIBRARIES = YES;
				CODE_SIGN_STYLE = Automatic;
				CURRENT_PROJECT_VERSION = 1;
				DEVELOPMENT_TEAM = 2L9L899V66;
				GENERATE_INFOPLIST_FILE = YES;
				MARKETING_VERSION = 1.0;
				PRODUCT_BUNDLE_IDENTIFIER = com.memtarhan.ReposUITests;
				PRODUCT_NAME = "$(TARGET_NAME)";
				SWIFT_EMIT_LOC_STRINGS = NO;
				SWIFT_VERSION = 5.0;
				TARGETED_DEVICE_FAMILY = "1,2";
				TEST_TARGET_NAME = Repos;
			};
			name = Debug;
		};
		43B1F71B2A01D0AC00355AA8 /* Release */ = {
			isa = XCBuildConfiguration;
			buildSettings = {
				ALWAYS_EMBED_SWIFT_STANDARD_LIBRARIES = YES;
				CODE_SIGN_STYLE = Automatic;
				CURRENT_PROJECT_VERSION = 1;
				DEVELOPMENT_TEAM = 2L9L899V66;
				GENERATE_INFOPLIST_FILE = YES;
				MARKETING_VERSION = 1.0;
				PRODUCT_BUNDLE_IDENTIFIER = com.memtarhan.ReposUITests;
				PRODUCT_NAME = "$(TARGET_NAME)";
				SWIFT_EMIT_LOC_STRINGS = NO;
				SWIFT_VERSION = 5.0;
				TARGETED_DEVICE_FAMILY = "1,2";
				TEST_TARGET_NAME = Repos;
			};
			name = Release;
		};
/* End XCBuildConfiguration section */

/* Begin XCConfigurationList section */
		43B1F6EA2A01D0AB00355AA8 /* Build configuration list for PBXProject "Repos" */ = {
			isa = XCConfigurationList;
			buildConfigurations = (
				43B1F7112A01D0AC00355AA8 /* Debug */,
				43B1F7122A01D0AC00355AA8 /* Release */,
			);
			defaultConfigurationIsVisible = 0;
			defaultConfigurationName = Release;
		};
		43B1F7132A01D0AC00355AA8 /* Build configuration list for PBXNativeTarget "Repos" */ = {
			isa = XCConfigurationList;
			buildConfigurations = (
				43B1F7142A01D0AC00355AA8 /* Debug */,
				43B1F7152A01D0AC00355AA8 /* Release */,
			);
			defaultConfigurationIsVisible = 0;
			defaultConfigurationName = Release;
		};
		43B1F7162A01D0AC00355AA8 /* Build configuration list for PBXNativeTarget "ReposTests" */ = {
			isa = XCConfigurationList;
			buildConfigurations = (
				43B1F7172A01D0AC00355AA8 /* Debug */,
				43B1F7182A01D0AC00355AA8 /* Release */,
			);
			defaultConfigurationIsVisible = 0;
			defaultConfigurationName = Release;
		};
		43B1F7192A01D0AC00355AA8 /* Build configuration list for PBXNativeTarget "ReposUITests" */ = {
			isa = XCConfigurationList;
			buildConfigurations = (
				43B1F71A2A01D0AC00355AA8 /* Debug */,
				43B1F71B2A01D0AC00355AA8 /* Release */,
			);
			defaultConfigurationIsVisible = 0;
			defaultConfigurationName = Release;
		};
/* End XCConfigurationList section */
	};
	rootObject = 43B1F6E72A01D0AB00355AA8 /* Project object */;
}
